{
    "_readme": [
        "This file locks the dependencies of your project to a known state",
        "Read more about it at https://getcomposer.org/doc/01-basic-usage.md#composer-lock-the-lock-file",
        "This file is @generated automatically"
    ],
    "content-hash": "e249e9d8f87b5d5d8fcd3d6741f15a84",
    "packages": [
        {
            "name": "socrata/soda-php",
            "version": "v1.1.0",
            "source": {
                "type": "git",
                "url": "https://github.com/socrata/soda-php.git",
                "reference": "7c293d15e08ba04a9dd9d848243a71a790e782ee"
            },
            "dist": {
                "type": "zip",
                "url": "https://api.github.com/repos/socrata/soda-php/zipball/7c293d15e08ba04a9dd9d848243a71a790e782ee",
                "reference": "7c293d15e08ba04a9dd9d848243a71a790e782ee",
                "shasum": ""
            },
            "require": {
                "ext-curl": "*",
                "php": "~5.3"
            },
            "type": "library",
            "autoload": {
                "files": [
                    "public/socrata.php"
                ]
            },
            "notification-url": "https://packagist.org/downloads/",
            "description": "A simple library to make it easier to access SODA services from PHP",
            "homepage": "http://dev.socrata.com",
            "keywords": [
                "SODA",
                "socrata"
            ],
            "time": "2016-09-21T17:30:26+00:00"
        }
    ],
    "packages-dev": [],
    "aliases": [],
    "minimum-stability": "stable",
    "stability-flags": [],
    "prefer-stable": false,
    "prefer-lowest": false,
    "platform": [],
    "platform-dev": []
}
